version: 1.0
shards:
  crinja:
    github: straight-shoota/crinja
    commit: 0fce049ab71bd9def5bf76ab0f0a740672ec7c1d

  markd:
    github: icyleaf/markd
    version: 0.1.1

  sass:
    github: straight-shoota/sass.cr
    commit: 02f96816d25b3fb09ef255b2fcef053c93f22f81

  serve:
    github: superpaintman/serve
    version: 0.1.1

